
Microsoft Visual Studio Solution File, Format Version 12.00
# Visual Studio Version 16
VisualStudioVersion = 16.0.30406.217
MinimumVisualStudioVersion = 10.0.40219.1
Project("{FAE04EC0-301F-11D3-BF4B-00C04F79EFBC}") = "DemoApp", "src\DemoApp\DemoApp.csproj", "{E2B50E11-8364-457C-BDD7-D62BD4F8EFB9}"
EndProject
Project("{9A19103F-16F7-4668-BE54-9A1E7A4F7556}") = "WebDemo", "src\WebDemo\WebDemo.csproj", "{E6F82892-8123-4E7B-9754-520DF92F41EA}"
EndProject
Project("{9A19103F-16F7-4668-BE54-9A1E7A4F7556}") = "Cranelift", "src\Cranelift\Cranelift.csproj", "{17D4A1EF-8CE2-49BC-B676-5F6A74F8CFEC}"
EndProject
Project("{9A19103F-16F7-4668-BE54-9A1E7A4F7556}") = "WebhookTest", "src\WebhookTest\WebhookTest.csproj", "{181A5309-1051-4758-91DA-BADF7529B160}"
EndProject
Project("{FAE04EC0-301F-11D3-BF4B-00C04F79EFBC}") = "FabricJSParser", "src\FabricJSParser\FabricJSParser.csproj", "{094B189D-1B77-4445-A9D3-D7137AEA8F56}"
EndProject
Global
	GlobalSection(SolutionConfigurationPlatforms) = preSolution
		Debug|Any CPU = Debug|Any CPU
		Debug|x64 = Debug|x64
		Release|Any CPU = Release|Any CPU
		Release|x64 = Release|x64
	EndGlobalSection
	GlobalSection(ProjectConfigurationPlatforms) = postSolution
		{E2B50E11-8364-457C-BDD7-D62BD4F8EFB9}.Debug|Any CPU.ActiveCfg = Debug|Any CPU
		{E2B50E11-8364-457C-BDD7-D62BD4F8EFB9}.Debug|Any CPU.Build.0 = Debug|Any CPU
		{E2B50E11-8364-457C-BDD7-D62BD4F8EFB9}.Debug|x64.ActiveCfg = Debug|x64
		{E2B50E11-8364-457C-BDD7-D62BD4F8EFB9}.Debug|x64.Build.0 = Debug|x64
		{E2B50E11-8364-457C-BDD7-D62BD4F8EFB9}.Release|Any CPU.ActiveCfg = Release|Any CPU
		{E2B50E11-8364-457C-BDD7-D62BD4F8EFB9}.Release|Any CPU.Build.0 = Release|Any CPU
		{E2B50E11-8364-457C-BDD7-D62BD4F8EFB9}.Release|x64.ActiveCfg = Release|x64
		{E2B50E11-8364-457C-BDD7-D62BD4F8EFB9}.Release|x64.Build.0 = Release|x64
		{E6F82892-8123-4E7B-9754-520DF92F41EA}.Debug|Any CPU.ActiveCfg = Debug|Any CPU
		{E6F82892-8123-4E7B-9754-520DF92F41EA}.Debug|Any CPU.Build.0 = Debug|Any CPU
		{E6F82892-8123-4E7B-9754-520DF92F41EA}.Debug|x64.ActiveCfg = Debug|Any CPU
		{E6F82892-8123-4E7B-9754-520DF92F41EA}.Debug|x64.Build.0 = Debug|Any CPU
		{E6F82892-8123-4E7B-9754-520DF92F41EA}.Release|Any CPU.ActiveCfg = Release|Any CPU
		{E6F82892-8123-4E7B-9754-520DF92F41EA}.Release|Any CPU.Build.0 = Release|Any CPU
		{E6F82892-8123-4E7B-9754-520DF92F41EA}.Release|x64.ActiveCfg = Release|Any CPU
		{E6F82892-8123-4E7B-9754-520DF92F41EA}.Release|x64.Build.0 = Release|Any CPU
		{17D4A1EF-8CE2-49BC-B676-5F6A74F8CFEC}.Debug|Any CPU.ActiveCfg = Debug|Any CPU
		{17D4A1EF-8CE2-49BC-B676-5F6A74F8CFEC}.Debug|Any CPU.Build.0 = Debug|Any CPU
		{17D4A1EF-8CE2-49BC-B676-5F6A74F8CFEC}.Debug|x64.ActiveCfg = Debug|Any CPU
		{17D4A1EF-8CE2-49BC-B676-5F6A74F8CFEC}.Debug|x64.Build.0 = Debug|Any CPU
		{17D4A1EF-8CE2-49BC-B676-5F6A74F8CFEC}.Release|Any CPU.ActiveCfg = Release|Any CPU
		{17D4A1EF-8CE2-49BC-B676-5F6A74F8CFEC}.Release|Any CPU.Build.0 = Release|Any CPU
		{17D4A1EF-8CE2-49BC-B676-5F6A74F8CFEC}.Release|x64.ActiveCfg = Release|Any CPU
		{17D4A1EF-8CE2-49BC-B676-5F6A74F8CFEC}.Release|x64.Build.0 = Release|Any CPU
		{181A5309-1051-4758-91DA-BADF7529B160}.Debug|Any CPU.ActiveCfg = Debug|Any CPU
		{181A5309-1051-4758-91DA-BADF7529B160}.Debug|Any CPU.Build.0 = Debug|Any CPU
		{181A5309-1051-4758-91DA-BADF7529B160}.Debug|x64.ActiveCfg = Debug|Any CPU
		{181A5309-1051-4758-91DA-BADF7529B160}.Debug|x64.Build.0 = Debug|Any CPU
		{181A5309-1051-4758-91DA-BADF7529B160}.Release|Any CPU.ActiveCfg = Release|Any CPU
		{181A5309-1051-4758-91DA-BADF7529B160}.Release|Any CPU.Build.0 = Release|Any CPU
		{181A5309-1051-4758-91DA-BADF7529B160}.Release|x64.ActiveCfg = Release|Any CPU
		{181A5309-1051-4758-91DA-BADF7529B160}.Release|x64.Build.0 = Release|Any CPU
		{094B189D-1B77-4445-A9D3-D7137AEA8F56}.Debug|Any CPU.ActiveCfg = Debug|Any CPU
		{094B189D-1B77-4445-A9D3-D7137AEA8F56}.Debug|Any CPU.Build.0 = Debug|Any CPU
		{094B189D-1B77-4445-A9D3-D7137AEA8F56}.Debug|x64.ActiveCfg = Debug|Any CPU
		{094B189D-1B77-4445-A9D3-D7137AEA8F56}.Debug|x64.Build.0 = Debug|Any CPU
		{094B189D-1B77-4445-A9D3-D7137AEA8F56}.Release|Any CPU.ActiveCfg = Release|Any CPU
		{094B189D-1B77-4445-A9D3-D7137AEA8F56}.Release|Any CPU.Build.0 = Release|Any CPU
		{094B189D-1B77-4445-A9D3-D7137AEA8F56}.Release|x64.ActiveCfg = Release|Any CPU
		{094B189D-1B77-4445-A9D3-D7137AEA8F56}.Release|x64.Build.0 = Release|Any CPU
	EndGlobalSection
	GlobalSection(SolutionProperties) = preSolution
		HideSolutionNode = FALSE
	EndGlobalSection
	GlobalSection(ExtensibilityGlobals) = postSolution
		SolutionGuid = {274BAE52-A11B-4CAC-AC43-936A2473262C}
	EndGlobalSection
EndGlobal
